{
  "name": "gepeto-wakeup",
  "version": "1.0.0",
  "lockfileVersion": 3,
  "requires": true,
  "packages": {
    "": {
      "name": "gepeto-wakeup",
      "version": "1.0.0",
      "license": "ISC",
      "dependencies": {
        "@picovoice/porcupine-node": "^3.0.4",
        "dotenv": "^16.4.5",
        "wavefile": "^11.0.0"
      }
    },
    "node_modules/@picovoice/porcupine-node": {
      "version": "3.0.4",
      "resolved": "https://registry.npmjs.org/@picovoice/porcupine-node/-/porcupine-node-3.0.4.tgz",
      "integrity": "sha512-cWFJSzQmEH45xVgfJ3z6S1pp0+0Tuki+7sBqamNa7K/s9j0ynW9WpJBeuMztRPrpwrDoAc7A2MZdK5UJ5wIebA==",
      "cpu": [
        "!ia32",
        "!mips",
        "!ppc",
        "!ppc64"
      ],
      "engines": {
        "node": ">=16.0.0"
      }
    },
    "node_modules/dotenv": {
      "version": "16.4.5",
      "resolved": "https://registry.npmjs.org/dotenv/-/dotenv-16.4.5.tgz",
      "integrity": "sha512-ZmdL2rui+eB2YwhsWzjInR8LldtZHGDoQ1ugH85ppHKwpUHL7j7rN0Ti9NCnGiQbhaZ11FpR+7ao1dNsmduNUg==",
      "engines": {
        "node": ">=12"
      },
      "funding": {
        "url": "https://dotenvx.com"
      }
    },
    "node_modules/wavefile": {
      "version": "11.0.0",
      "resolved": "https://registry.npmjs.org/wavefile/-/wavefile-11.0.0.tgz",
      "integrity": "sha512-/OBiAALgWU24IG7sC84cDO/KfFuvajWc5Uec0oV2zrpOOZZDgGdOwHwgEzOrwh8jkubBk7PtZfQBIcI1OaE5Ng==",
      "bin": {
        "wavefile": "bin/wavefile.js"
      },
      "engines": {
        "node": ">=8"
      }
    }
  }
}
